
Microsoft Visual Studio Solution File, Format Version 12.00
# Visual Studio 15
VisualStudioVersion = 15.0.28307.705
MinimumVisualStudioVersion = 10.0.40219.1
Project("{FAE04EC0-301F-11D3-BF4B-00C04F79EFBC}") = "LightRemote", "src\LightRemote\LightRemote.csproj", "{03240AF1-4167-4588-9FCD-A7E57355B922}"
EndProject
Project("{C7167F0D-BC9F-4E6E-AFE1-012C56B48DB5}") = "LightRemotePackage", "src\LightRemotePackage\LightRemotePackage.wapproj", "{2B0E3331-9764-4C9E-8D30-A6A0D7FCBF19}"
EndProject
Project("{FAE04EC0-301F-11D3-BF4B-00C04F79EFBC}") = "LightRemote.Test", "src\LightRemote.Test\LightRemote.Test.csproj", "{258DB2F9-1385-489B-9D21-A058E4A6CFA5}"
EndProject
Global
	GlobalSection(SolutionConfigurationPlatforms) = preSolution
		Debug|Any CPU = Debug|Any CPU
		Debug|ARM = Debug|ARM
		Debug|ARM64 = Debug|ARM64
		Debug|x64 = Debug|x64
		Debug|x86 = Debug|x86
		Release|Any CPU = Release|Any CPU
		Release|ARM = Release|ARM
		Release|ARM64 = Release|ARM64
		Release|x64 = Release|x64
		Release|x86 = Release|x86
	EndGlobalSection
	GlobalSection(ProjectConfigurationPlatforms) = postSolution
		{03240AF1-4167-4588-9FCD-A7E57355B922}.Debug|Any CPU.ActiveCfg = Debug|x86
		{03240AF1-4167-4588-9FCD-A7E57355B922}.Debug|Any CPU.Build.0 = Debug|x86
		{03240AF1-4167-4588-9FCD-A7E57355B922}.Debug|Any CPU.Deploy.0 = Debug|x86
		{03240AF1-4167-4588-9FCD-A7E57355B922}.Debug|ARM.ActiveCfg = Debug|ARM
		{03240AF1-4167-4588-9FCD-A7E57355B922}.Debug|ARM.Build.0 = Debug|ARM
		{03240AF1-4167-4588-9FCD-A7E57355B922}.Debug|ARM.Deploy.0 = Debug|ARM
		{03240AF1-4167-4588-9FCD-A7E57355B922}.Debug|ARM64.ActiveCfg = Debug|ARM64
		{03240AF1-4167-4588-9FCD-A7E57355B922}.Debug|ARM64.Build.0 = Debug|ARM64
		{03240AF1-4167-4588-9FCD-A7E57355B922}.Debug|ARM64.Deploy.0 = Debug|ARM64
		{03240AF1-4167-4588-9FCD-A7E57355B922}.Debug|x64.ActiveCfg = Debug|x64
		{03240AF1-4167-4588-9FCD-A7E57355B922}.Debug|x64.Build.0 = Debug|x64
		{03240AF1-4167-4588-9FCD-A7E57355B922}.Debug|x64.Deploy.0 = Debug|x64
		{03240AF1-4167-4588-9FCD-A7E57355B922}.Debug|x86.ActiveCfg = Debug|x86
		{03240AF1-4167-4588-9FCD-A7E57355B922}.Debug|x86.Build.0 = Debug|x86
		{03240AF1-4167-4588-9FCD-A7E57355B922}.Debug|x86.Deploy.0 = Debug|x86
		{03240AF1-4167-4588-9FCD-A7E57355B922}.Release|Any CPU.ActiveCfg = Release|x86
		{03240AF1-4167-4588-9FCD-A7E57355B922}.Release|ARM.ActiveCfg = Release|ARM
		{03240AF1-4167-4588-9FCD-A7E57355B922}.Release|ARM.Build.0 = Release|ARM
		{03240AF1-4167-4588-9FCD-A7E57355B922}.Release|ARM.Deploy.0 = Release|ARM
		{03240AF1-4167-4588-9FCD-A7E57355B922}.Release|ARM64.ActiveCfg = Release|ARM64
		{03240AF1-4167-4588-9FCD-A7E57355B922}.Release|ARM64.Build.0 = Release|ARM64
		{03240AF1-4167-4588-9FCD-A7E57355B922}.Release|ARM64.Deploy.0 = Release|ARM64
		{03240AF1-4167-4588-9FCD-A7E57355B922}.Release|x64.ActiveCfg = Release|x64
		{03240AF1-4167-4588-9FCD-A7E57355B922}.Release|x64.Build.0 = Release|x64
		{03240AF1-4167-4588-9FCD-A7E57355B922}.Release|x64.Deploy.0 = Release|x64
		{03240AF1-4167-4588-9FCD-A7E57355B922}.Release|x86.ActiveCfg = Release|x86
		{03240AF1-4167-4588-9FCD-A7E57355B922}.Release|x86.Build.0 = Release|x86
		{03240AF1-4167-4588-9FCD-A7E57355B922}.Release|x86.Deploy.0 = Release|x86
		{2B0E3331-9764-4C9E-8D30-A6A0D7FCBF19}.Debug|Any CPU.ActiveCfg = Debug|x86
		{2B0E3331-9764-4C9E-8D30-A6A0D7FCBF19}.Debug|Any CPU.Build.0 = Debug|x86
		{2B0E3331-9764-4C9E-8D30-A6A0D7FCBF19}.Debug|Any CPU.Deploy.0 = Debug|x86
		{2B0E3331-9764-4C9E-8D30-A6A0D7FCBF19}.Debug|ARM.ActiveCfg = Debug|ARM
		{2B0E3331-9764-4C9E-8D30-A6A0D7FCBF19}.Debug|ARM.Build.0 = Debug|ARM
		{2B0E3331-9764-4C9E-8D30-A6A0D7FCBF19}.Debug|ARM.Deploy.0 = Debug|ARM
		{2B0E3331-9764-4C9E-8D30-A6A0D7FCBF19}.Debug|ARM64.ActiveCfg = Debug|Any CPU
		{2B0E3331-9764-4C9E-8D30-A6A0D7FCBF19}.Debug|ARM64.Build.0 = Debug|Any CPU
		{2B0E3331-9764-4C9E-8D30-A6A0D7FCBF19}.Debug|ARM64.Deploy.0 = Debug|Any CPU
		{2B0E3331-9764-4C9E-8D30-A6A0D7FCBF19}.Debug|x64.ActiveCfg = Debug|x64
		{2B0E3331-9764-4C9E-8D30-A6A0D7FCBF19}.Debug|x64.Build.0 = Debug|x64
		{2B0E3331-9764-4C9E-8D30-A6A0D7FCBF19}.Debug|x64.Deploy.0 = Debug|x64
		{2B0E3331-9764-4C9E-8D30-A6A0D7FCBF19}.Debug|x86.ActiveCfg = Debug|x86
		{2B0E3331-9764-4C9E-8D30-A6A0D7FCBF19}.Debug|x86.Build.0 = Debug|x86
		{2B0E3331-9764-4C9E-8D30-A6A0D7FCBF19}.Debug|x86.Deploy.0 = Debug|x86
		{2B0E3331-9764-4C9E-8D30-A6A0D7FCBF19}.Release|Any CPU.ActiveCfg = Release|Any CPU
		{2B0E3331-9764-4C9E-8D30-A6A0D7FCBF19}.Release|Any CPU.Build.0 = Release|Any CPU
		{2B0E3331-9764-4C9E-8D30-A6A0D7FCBF19}.Release|Any CPU.Deploy.0 = Release|Any CPU
		{2B0E3331-9764-4C9E-8D30-A6A0D7FCBF19}.Release|ARM.ActiveCfg = Release|Any CPU
		{2B0E3331-9764-4C9E-8D30-A6A0D7FCBF19}.Release|ARM.Build.0 = Release|Any CPU
		{2B0E3331-9764-4C9E-8D30-A6A0D7FCBF19}.Release|ARM.Deploy.0 = Release|Any CPU
		{2B0E3331-9764-4C9E-8D30-A6A0D7FCBF19}.Release|ARM64.ActiveCfg = Release|Any CPU
		{2B0E3331-9764-4C9E-8D30-A6A0D7FCBF19}.Release|ARM64.Build.0 = Release|Any CPU
		{2B0E3331-9764-4C9E-8D30-A6A0D7FCBF19}.Release|ARM64.Deploy.0 = Release|Any CPU
		{2B0E3331-9764-4C9E-8D30-A6A0D7FCBF19}.Release|x64.ActiveCfg = Release|x64
		{2B0E3331-9764-4C9E-8D30-A6A0D7FCBF19}.Release|x64.Build.0 = Release|x64
		{2B0E3331-9764-4C9E-8D30-A6A0D7FCBF19}.Release|x64.Deploy.0 = Release|x64
		{2B0E3331-9764-4C9E-8D30-A6A0D7FCBF19}.Release|x86.ActiveCfg = Release|x86
		{2B0E3331-9764-4C9E-8D30-A6A0D7FCBF19}.Release|x86.Build.0 = Release|x86
		{2B0E3331-9764-4C9E-8D30-A6A0D7FCBF19}.Release|x86.Deploy.0 = Release|x86
		{258DB2F9-1385-489B-9D21-A058E4A6CFA5}.Debug|Any CPU.ActiveCfg = Debug|x86
		{258DB2F9-1385-489B-9D21-A058E4A6CFA5}.Debug|Any CPU.Build.0 = Debug|x86
		{258DB2F9-1385-489B-9D21-A058E4A6CFA5}.Debug|Any CPU.Deploy.0 = Debug|x86
		{258DB2F9-1385-489B-9D21-A058E4A6CFA5}.Debug|ARM.ActiveCfg = Debug|ARM
		{258DB2F9-1385-489B-9D21-A058E4A6CFA5}.Debug|ARM.Build.0 = Debug|ARM
		{258DB2F9-1385-489B-9D21-A058E4A6CFA5}.Debug|ARM.Deploy.0 = Debug|ARM
		{258DB2F9-1385-489B-9D21-A058E4A6CFA5}.Debug|ARM64.ActiveCfg = Debug|ARM64
		{258DB2F9-1385-489B-9D21-A058E4A6CFA5}.Debug|ARM64.Build.0 = Debug|ARM64
		{258DB2F9-1385-489B-9D21-A058E4A6CFA5}.Debug|ARM64.Deploy.0 = Debug|ARM64
		{258DB2F9-1385-489B-9D21-A058E4A6CFA5}.Debug|x64.ActiveCfg = Debug|x64
		{258DB2F9-1385-489B-9D21-A058E4A6CFA5}.Debug|x64.Build.0 = Debug|x64
		{258DB2F9-1385-489B-9D21-A058E4A6CFA5}.Debug|x64.Deploy.0 = Debug|x64
		{258DB2F9-1385-489B-9D21-A058E4A6CFA5}.Debug|x86.ActiveCfg = Debug|x86
		{258DB2F9-1385-489B-9D21-A058E4A6CFA5}.Debug|x86.Build.0 = Debug|x86
		{258DB2F9-1385-489B-9D21-A058E4A6CFA5}.Debug|x86.Deploy.0 = Debug|x86
		{258DB2F9-1385-489B-9D21-A058E4A6CFA5}.Release|Any CPU.ActiveCfg = Release|x86
		{258DB2F9-1385-489B-9D21-A058E4A6CFA5}.Release|ARM.ActiveCfg = Release|ARM
		{258DB2F9-1385-489B-9D21-A058E4A6CFA5}.Release|ARM.Build.0 = Release|ARM
		{258DB2F9-1385-489B-9D21-A058E4A6CFA5}.Release|ARM.Deploy.0 = Release|ARM
		{258DB2F9-1385-489B-9D21-A058E4A6CFA5}.Release|ARM64.ActiveCfg = Release|ARM64
		{258DB2F9-1385-489B-9D21-A058E4A6CFA5}.Release|ARM64.Build.0 = Release|ARM64
		{258DB2F9-1385-489B-9D21-A058E4A6CFA5}.Release|ARM64.Deploy.0 = Release|ARM64
		{258DB2F9-1385-489B-9D21-A058E4A6CFA5}.Release|x64.ActiveCfg = Release|x64
		{258DB2F9-1385-489B-9D21-A058E4A6CFA5}.Release|x64.Build.0 = Release|x64
		{258DB2F9-1385-489B-9D21-A058E4A6CFA5}.Release|x64.Deploy.0 = Release|x64
		{258DB2F9-1385-489B-9D21-A058E4A6CFA5}.Release|x86.ActiveCfg = Release|x86
		{258DB2F9-1385-489B-9D21-A058E4A6CFA5}.Release|x86.Build.0 = Release|x86
		{258DB2F9-1385-489B-9D21-A058E4A6CFA5}.Release|x86.Deploy.0 = Release|x86
	EndGlobalSection
	GlobalSection(SolutionProperties) = preSolution
		HideSolutionNode = FALSE
	EndGlobalSection
	GlobalSection(ExtensibilityGlobals) = postSolution
		SolutionGuid = {95D573C2-7323-4D43-AC05-8636D59A204B}
	EndGlobalSection
EndGlobal
